# THIS IS AN AUTOGENERATED FILE. DO NOT EDIT THIS FILE DIRECTLY.
# yarn lockfile v1


"@reduxjs/toolkit@^2.0.0-alpha.6":
  version "2.0.0-alpha.6"
  resolved "https://registry.yarnpkg.com/@reduxjs/toolkit/-/toolkit-2.0.0-alpha.6.tgz#6b3d28eeab67d07828a4336842475d6bf9113828"
  integrity sha512-kWz5PAqPVlqgVXZlIVuYwEJryQWVEROjkmrmip0cX+kg1izjTdTuKac2rJix09ZpzWbJ8tBt+MgUdr1Fr4vWLw==
  dependencies:
    immer "^10.0.2"
    redux "5.0.0-alpha.6"
    redux-thunk "3.0.0-alpha.3"
    reselect "^5.0.0-alpha.2"

immer@^10.0.2:
  version "10.0.2"
  resolved "https://registry.yarnpkg.com/immer/-/immer-10.0.2.tgz#11636c5b77acf529e059582d76faf338beb56141"
  integrity sha512-Rx3CqeqQ19sxUtYV9CU911Vhy8/721wRFnJv3REVGWUmoAcIwzifTsdmJte/MV+0/XpM35LZdQMBGkRIoLPwQA==

redux-thunk@3.0.0-alpha.3:
  version "3.0.0-alpha.3"
  resolved "https://registry.yarnpkg.com/redux-thunk/-/redux-thunk-3.0.0-alpha.3.tgz#b3762c7e6939d1cf56fbacba679d3c7101f115f6"
  integrity sha512-tRoYt//uXllaNHsdla4sFbCPf0/50BYf6NDRNtg66IZXZcLXiQNTH5LKcIISd0+7BZqFq204JgJcxtih4QLTXQ==

redux@5.0.0-alpha.6:
  version "5.0.0-alpha.6"
  resolved "https://registry.yarnpkg.com/redux/-/redux-5.0.0-alpha.6.tgz#2b06dc26c0268340f22933fa56185f3941764264"
  integrity sha512-ALwfRz1WAqQb1N2IrAopQNNTjQ8UlEn0u8x7REC5p9rQw8j+17rKfKtJs+UGBweLwDk0RGK0lVz+vZpkRtRUiw==

reselect@^5.0.0-alpha.2:
  version "5.0.0-alpha.2"
  resolved "https://registry.yarnpkg.com/reselect/-/reselect-5.0.0-alpha.2.tgz#1a0272da0debb7f980b5e83d9a6dec4ba04aad01"
  integrity sha512-wachIH1FWB/ceIgBP418PXtjJyhvgjtjqi0Go5nCqe/2xrwwAyCn1/4krfBurNfxxo7dWpiLGb1yYjCrWi40PA==

typescript@^5.0.4:
  version "5.0.4"
  resolved "https://registry.yarnpkg.com/typescript/-/typescript-5.0.4.tgz#b217fd20119bd61a94d4011274e0ab369058da3b"
  integrity sha512-cW9T5W9xY37cc+jfEnaUvX91foxtHkza3Nw3wkoF4sSlKn0MONdkdEndig/qPBWXNkmplh3NzayQzCiHM4/hqw==
